
Microsoft Visual Studio Solution File, Format Version 12.00
# Visual Studio Version 17
VisualStudioVersion = 17.0.32112.339
MinimumVisualStudioVersion = 10.0.40219.1
Project("{FAE04EC0-301F-11D3-BF4B-00C04F79EFBC}") = "ConsoleApp7", "ConsoleApp7\ConsoleApp7.csproj", "{FFF54276-9F96-4A58-929B-FFED7F6947AA}"
EndProject
Global
	GlobalSection(SolutionConfigurationPlatforms) = preSolution
		Debug|Any CPU = Debug|Any CPU
		Release|Any CPU = Release|Any CPU
	EndGlobalSection
	GlobalSection(ProjectConfigurationPlatforms) = postSolution
		{FFF54276-9F96-4A58-929B-FFED7F6947AA}.Debug|Any CPU.ActiveCfg = Debug|Any CPU
		{FFF54276-9F96-4A58-929B-FFED7F6947AA}.Debug|Any CPU.Build.0 = Debug|Any CPU
		{FFF54276-9F96-4A58-929B-FFED7F6947AA}.Release|Any CPU.ActiveCfg = Release|Any CPU
		{FFF54276-9F96-4A58-929B-FFED7F6947AA}.Release|Any CPU.Build.0 = Release|Any CPU
	EndGlobalSection
	GlobalSection(SolutionProperties) = preSolution
		HideSolutionNode = FALSE
	EndGlobalSection
	GlobalSection(ExtensibilityGlobals) = postSolution
		SolutionGuid = {EC3F88CB-D925-4757-B2E0-AB481FDD2171}
	EndGlobalSection
EndGlobal
